// !$*UTF8*$!
{
	archiveVersion = 1;
	classes = {
	};
	objectVersion = 48;
	objects = {

/* Begin PBXBuildFile section */
		034FC1CB2045E73E00B7349C /* AppDelegate.swift in Sources */ = {isa = PBXBuildFile; fileRef = 034FC1CA2045E73E00B7349C /* AppDelegate.swift */; };
		034FC1CD2045E73E00B7349C /* ViewController.swift in Sources */ = {isa = PBXBuildFile; fileRef = 034FC1CC2045E73E00B7349C /* ViewController.swift */; };
		034FC1D02045E73E00B7349C /* Main.storyboard in Resources */ = {isa = PBXBuildFile; fileRef = 034FC1CE2045E73E00B7349C /* Main.storyboard */; };
		034FC1D22045E73E00B7349C /* Assets.xcassets in Resources */ = {isa = PBXBuildFile; fileRef = 034FC1D12045E73E00B7349C /* Assets.xcassets */; };
		034FC1D52045E73E00B7349C /* LaunchScreen.storyboard in Resources */ = {isa = PBXBuildFile; fileRef = 034FC1D32045E73E00B7349C /* LaunchScreen.storyboard */; };
		F1448CD6D9AFAF57FD8CE769 /* libPods-Panorama.a in Frameworks */ = {isa = PBXBuildFile; fileRef = F301DA5A6CEF420C4E49C249 /* libPods-Panorama.a */; };
/* End PBXBuildFile section */

/* Begin PBXFileReference section */
		034FC1C72045E73E00B7349C /* Panorama.app */ = {isa = PBXFileReference; explicitFileType = wrapper.application; includeInIndex = 0; path = Panorama.app; sourceTree = BUILT_PRODUCTS_DIR; };
		034FC1CA2045E73E00B7349C /* AppDelegate.swift */ = {isa = PBXFileReference; lastKnownFileType = sourcecode.swift; path = AppDelegate.swift; sourceTree = "<group>"; };
		034FC1CC2045E73E00B7349C /* ViewController.swift */ = {isa = PBXFileReference; lastKnownFileType = sourcecode.swift; path = ViewController.swift; sourceTree = "<group>"; };
		034FC1CF2045E73E00B7349C /* Base */ = {isa = PBXFileReference; lastKnownFileType = file.storyboard; name = Base; path = Base.lproj/Main.storyboard; sourceTree = "<group>"; };
		034FC1D12045E73E00B7349C /* Assets.xcassets */ = {isa = PBXFileReference; lastKnownFileType = folder.assetcatalog; path = Assets.xcassets; sourceTree = "<group>"; };
		034FC1D42045E73E00B7349C /* Base */ = {isa = PBXFileReference; lastKnownFileType = file.storyboard; name = Base; path = Base.lproj/LaunchScreen.storyboard; sourceTree = "<group>"; };
		034FC1D62045E73E00B7349C /* Info.plist */ = {isa = PBXFileReference; lastKnownFileType = text.plist.xml; path = Info.plist; sourceTree = "<group>"; };
		034FC1DC2045E79700B7349C /* Panorama-Bridging-Header.h */ = {isa = PBXFileReference; lastKnownFileType = sourcecode.c.h; path = "Panorama-Bridging-Header.h"; sourceTree = "<group>"; };
		2F2168C6D88D2066DB3579F1 /* Pods-Panorama.release.xcconfig */ = {isa = PBXFileReference; includeInIndex = 1; lastKnownFileType = text.xcconfig; name = "Pods-Panorama.release.xcconfig"; path = "Pods/Target Support Files/Pods-Panorama/Pods-Panorama.release.xcconfig"; sourceTree = "<group>"; };
		3A37245535371284386A0850 /* Pods-Panorama.debug.xcconfig */ = {isa = PBXFileReference; includeInIndex = 1; lastKnownFileType = text.xcconfig; name = "Pods-Panorama.debug.xcconfig"; path = "Pods/Target Support Files/Pods-Panorama/Pods-Panorama.debug.xcconfig"; sourceTree = "<group>"; };
		F301DA5A6CEF420C4E49C249 /* libPods-Panorama.a */ = {isa = PBXFileReference; explicitFileType = archive.ar; includeInIndex = 0; path = "libPods-Panorama.a"; sourceTree = BUILT_PRODUCTS_DIR; };
/* End PBXFileReference section */

/* Begin PBXFrameworksBuildPhase section */
		034FC1C42045E73E00B7349C /* Frameworks */ = {
			isa = PBXFrameworksBuildPhase;
			buildActionMask = 2147483647;
			files = (
				F1448CD6D9AFAF57FD8CE769 /* libPods-Panorama.a in Frameworks */,
			);
			runOnlyForDeploymentPostprocessing = 0;
		};
/* End PBXFrameworksBuildPhase section */

/* Begin PBXGroup section */
		034FC1BE2045E73E00B7349C = {
			isa = PBXGroup;
			children = (
				034FC1C92045E73E00B7349C /* Panorama */,
				034FC1C82045E73E00B7349C /* Products */,
				CA5AE5667E9677EDBC8B98DB /* Pods */,
				33CF4D0970753EB91295133A /* Frameworks */,
			);
			sourceTree = "<group>";
		};
		034FC1C82045E73E00B7349C /* Products */ = {
			isa = PBXGroup;
			children = (
				034FC1C72045E73E00B7349C /* Panorama.app */,
			);
			name = Products;
			sourceTree = "<group>";
		};
		034FC1C92045E73E00B7349C /* Panorama */ = {
			isa = PBXGroup;
			children = (
				034FC1CA2045E73E00B7349C /* AppDelegate.swift */,
				034FC1CC2045E73E00B7349C /* ViewController.swift */,
				034FC1CE2045E73E00B7349C /* Main.storyboard */,
				034FC1D12045E73E00B7349C /* Assets.xcassets */,
				034FC1D32045E73E00B7349C /* LaunchScreen.storyboard */,
				034FC1D62045E73E00B7349C /* Info.plist */,
				034FC1DC2045E79700B7349C /* Panorama-Bridging-Header.h */,
			);
			path = Panorama;
			sourceTree = "<group>";
		};
		33CF4D0970753EB91295133A /* Frameworks */ = {
			isa = PBXGroup;
			children = (
				F301DA5A6CEF420C4E49C249 /* libPods-Panorama.a */,
			);
			name = Frameworks;
			sourceTree = "<group>";
		};
		CA5AE5667E9677EDBC8B98DB /* Pods */ = {
			isa = PBXGroup;
			children = (
				3A37245535371284386A0850 /* Pods-Panorama.debug.xcconfig */,
				2F2168C6D88D2066DB3579F1 /* Pods-Panorama.release.xcconfig */,
			);
			name = Pods;
			sourceTree = "<group>";
		};
/* End PBXGroup section */

/* Begin PBXNativeTarget section */
		034FC1C62045E73E00B7349C /* Panorama */ = {
			isa = PBXNativeTarget;
			buildConfigurationList = 034FC1D92045E73E00B7349C /* Build configuration list for PBXNativeTarget "Panorama" */;
			buildPhases = (
				D6ECBD953A9A3B37C55A6BF9 /* [CP] Check Pods Manifest.lock */,
				034FC1C32045E73E00B7349C /* Sources */,
				034FC1C42045E73E00B7349C /* Frameworks */,
				034FC1C52045E73E00B7349C /* Resources */,
				7D47F171C55325000F2A7178 /* [CP] Embed Pods Frameworks */,
				95D9907AC21D1C889E9AB36C /* [CP] Copy Pods Resources */,
			);
			buildRules = (
			);
			dependencies = (
			);
			name = Panorama;
			productName = Panorama;
			productReference = 034FC1C72045E73E00B7349C /* Panorama.app */;
			productType = "com.apple.product-type.application";
		};
/* End PBXNativeTarget section */

/* Begin PBXProject section */
		034FC1BF2045E73E00B7349C /* Project object */ = {
			isa = PBXProject;
			attributes = {
				LastSwiftUpdateCheck = 0920;
				LastUpgradeCheck = 0920;
				ORGANIZATIONNAME = "MARCEN, RAFAEL";
				TargetAttributes = {
					034FC1C62045E73E00B7349C = {
						CreatedOnToolsVersion = 9.2;
						ProvisioningStyle = Automatic;
					};
				};
			};
			buildConfigurationList = 034FC1C22045E73E00B7349C /* Build configuration list for PBXProject "Panorama" */;
			compatibilityVersion = "Xcode 8.0";
			developmentRegion = en;
			hasScannedForEncodings = 0;
			knownRegions = (
				en,
				Base,
			);
			mainGroup = 034FC1BE2045E73E00B7349C;
			productRefGroup = 034FC1C82045E73E00B7349C /* Products */;
			projectDirPath = "";
			projectRoot = "";
			targets = (
				034FC1C62045E73E00B7349C /* Panorama */,
			);
		};
/* End PBXProject section */

/* Begin PBXResourcesBuildPhase section */
		034FC1C52045E73E00B7349C /* Resources */ = {
			isa = PBXResourcesBuildPhase;
			buildActionMask = 2147483647;
			files = (
				034FC1D52045E73E00B7349C /* LaunchScreen.storyboard in Resources */,
				034FC1D22045E73E00B7349C /* Assets.xcassets in Resources */,
				034FC1D02045E73E00B7349C /* Main.storyboard in Resources */,
			);
			runOnlyForDeploymentPostprocessing = 0;
		};
/* End PBXResourcesBuildPhase section */

/* Begin PBXShellScriptBuildPhase section */
		7D47F171C55325000F2A7178 /* [CP] Embed Pods Frameworks */ = {
			isa = PBXShellScriptBuildPhase;
			buildActionMask = 2147483647;
			files = (
			);
			inputPaths = (
			);
			name = "[CP] Embed Pods Frameworks";
			outputPaths = (
			);
			runOnlyForDeploymentPostprocessing = 0;
			shellPath = /bin/sh;
			shellScript = "\"${SRCROOT}/Pods/Target Support Files/Pods-Panorama/Pods-Panorama-frameworks.sh\"\n";
			showEnvVarsInLog = 0;
		};
		95D9907AC21D1C889E9AB36C /* [CP] Copy Pods Resources */ = {
			isa = PBXShellScriptBuildPhase;
			buildActionMask = 2147483647;
			files = (
			);
			inputPaths = (
				"${SRCROOT}/Pods/Target Support Files/Pods-Panorama/Pods-Panorama-resources.sh",
				"${PODS_ROOT}/GVRSDK/Resources/CardboardSDK.bundle",
				"${PODS_ROOT}/GVRSDK/Resources/GoogleKitCore.bundle",
				"${PODS_ROOT}/GVRSDK/Resources/GoogleKitDialogs.bundle",
				"${PODS_ROOT}/GVRSDK/Resources/GoogleKitHUD.bundle",
				"${PODS_ROOT}/GVRSDK/Resources/MaterialRobotoFontLoader.bundle",
			);
			name = "[CP] Copy Pods Resources";
			outputPaths = (
				"${TARGET_BUILD_DIR}/${UNLOCALIZED_RESOURCES_FOLDER_PATH}/CardboardSDK.bundle",
				"${TARGET_BUILD_DIR}/${UNLOCALIZED_RESOURCES_FOLDER_PATH}/GoogleKitCore.bundle",
				"${TARGET_BUILD_DIR}/${UNLOCALIZED_RESOURCES_FOLDER_PATH}/GoogleKitDialogs.bundle",
				"${TARGET_BUILD_DIR}/${UNLOCALIZED_RESOURCES_FOLDER_PATH}/GoogleKitHUD.bundle",
				"${TARGET_BUILD_DIR}/${UNLOCALIZED_RESOURCES_FOLDER_PATH}/MaterialRobotoFontLoader.bundle",
			);
			runOnlyForDeploymentPostprocessing = 0;
			shellPath = /bin/sh;
			shellScript = "\"${SRCROOT}/Pods/Target Support Files/Pods-Panorama/Pods-Panorama-resources.sh\"\n";
			showEnvVarsInLog = 0;
		};
		D6ECBD953A9A3B37C55A6BF9 /* [CP] Check Pods Manifest.lock */ = {
			isa = PBXShellScriptBuildPhase;
			buildActionMask = 2147483647;
			files = (
			);
			inputPaths = (
				"${PODS_PODFILE_DIR_PATH}/Podfile.lock",
				"${PODS_ROOT}/Manifest.lock",
			);
			name = "[CP] Check Pods Manifest.lock";
			outputPaths = (
				"$(DERIVED_FILE_DIR)/Pods-Panorama-checkManifestLockResult.txt",
			);
			runOnlyForDeploymentPostprocessing = 0;
			shellPath = /bin/sh;
			shellScript = "diff \"${PODS_PODFILE_DIR_PATH}/Podfile.lock\" \"${PODS_ROOT}/Manifest.lock\" > /dev/null\nif [ $? != 0 ] ; then\n    # print error to STDERR\n    echo \"error: The sandbox is not in sync with the Podfile.lock. Run 'pod install' or update your CocoaPods installation.\" >&2\n    exit 1\nfi\n# This output is used by Xcode 'outputs' to avoid re-running this script phase.\necho \"SUCCESS\" > \"${SCRIPT_OUTPUT_FILE_0}\"\n";
			showEnvVarsInLog = 0;
		};
/* End PBXShellScriptBuildPhase section */

/* Begin PBXSourcesBuildPhase section */
		034FC1C32045E73E00B7349C /* Sources */ = {
			isa = PBXSourcesBuildPhase;
			buildActionMask = 2147483647;
			files = (
				034FC1CD2045E73E00B7349C /* ViewController.swift in Sources */,
				034FC1CB2045E73E00B7349C /* AppDelegate.swift in Sources */,
			);
			runOnlyForDeploymentPostprocessing = 0;
		};
/* End PBXSourcesBuildPhase section */

/* Begin PBXVariantGroup section */
		034FC1CE2045E73E00B7349C /* Main.storyboard */ = {
			isa = PBXVariantGroup;
			children = (
				034FC1CF2045E73E00B7349C /* Base */,
			);
			name = Main.storyboard;
			sourceTree = "<group>";
		};
		034FC1D32045E73E00B7349C /* LaunchScreen.storyboard */ = {
			isa = PBXVariantGroup;
			children = (
				034FC1D42045E73E00B7349C /* Base */,
			);
			name = LaunchScreen.storyboard;
			sourceTree = "<group>";
		};
/* End PBXVariantGroup section */

/* Begin XCBuildConfiguration section */
		034FC1D72045E73E00B7349C /* Debug */ = {
			isa = XCBuildConfiguration;
			buildSettings = {
				ALWAYS_SEARCH_USER_PATHS = NO;
				CLANG_ANALYZER_NONNULL = YES;
				CLANG_ANALYZER_NUMBER_OBJECT_CONVERSION = YES_AGGRESSIVE;
				CLANG_CXX_LANGUAGE_STANDARD = "gnu++14";
				CLANG_CXX_LIBRARY = "libc++";
				CLANG_ENABLE_MODULES = YES;
				CLANG_ENABLE_OBJC_ARC = YES;
				CLANG_WARN_BLOCK_CAPTURE_AUTORELEASING = YES;
				CLANG_WARN_BOOL_CONVERSION = YES;
				CLANG_WARN_COMMA = YES;
				CLANG_WARN_CONSTANT_CONVERSION = YES;
				CLANG_WARN_DIRECT_OBJC_ISA_USAGE = YES_ERROR;
				CLANG_WARN_DOCUMENTATION_COMMENTS = YES;
				CLANG_WARN_EMPTY_BODY = YES;
				CLANG_WARN_ENUM_CONVERSION = YES;
				CLANG_WARN_INFINITE_RECURSION = YES;
				CLANG_WARN_INT_CONVERSION = YES;
				CLANG_WARN_NON_LITERAL_NULL_CONVERSION = YES;
				CLANG_WARN_OBJC_LITERAL_CONVERSION = YES;
				CLANG_WARN_OBJC_ROOT_CLASS = YES_ERROR;
				CLANG_WARN_RANGE_LOOP_ANALYSIS = YES;
				CLANG_WARN_STRICT_PROTOTYPES = YES;
				CLANG_WARN_SUSPICIOUS_MOVE = YES;
				CLANG_WARN_UNGUARDED_AVAILABILITY = YES_AGGRESSIVE;
				CLANG_WARN_UNREACHABLE_CODE = YES;
				CLANG_WARN__DUPLICATE_METHOD_MATCH = YES;
				CODE_SIGN_IDENTITY = "iPhone Developer";
				COPY_PHASE_STRIP = NO;
				DEBUG_INFORMATION_FORMAT = dwarf;
				ENABLE_STRICT_OBJC_MSGSEND = YES;
				ENABLE_TESTABILITY = YES;
				GCC_C_LANGUAGE_STANDARD = gnu11;
				GCC_DYNAMIC_NO_PIC = NO;
				GCC_NO_COMMON_BLOCKS = YES;
				GCC_OPTIMIZATION_LEVEL = 0;
				GCC_PREPROCESSOR_DEFINITIONS = (
					"DEBUG=1",
					"$(inherited)",
				);
				GCC_WARN_64_TO_32_BIT_CONVERSION = YES;
				GCC_WARN_ABOUT_RETURN_TYPE = YES_ERROR;
				GCC_WARN_UNDECLARED_SELECTOR = YES;
				GCC_WARN_UNINITIALIZED_AUTOS = YES_AGGRESSIVE;
				GCC_WARN_UNUSED_FUNCTION = YES;
				GCC_WARN_UNUSED_VARIABLE = YES;
				IPHONEOS_DEPLOYMENT_TARGET = 11.2;
				MTL_ENABLE_DEBUG_INFO = YES;
				ONLY_ACTIVE_ARCH = YES;
				SDKROOT = iphoneos;
				SWIFT_ACTIVE_COMPILATION_CONDITIONS = DEBUG;
				SWIFT_OPTIMIZATION_LEVEL = "-Onone";
			};
			name = Debug;
		};
		034FC1D82045E73E00B7349C /* Release */ = {
			isa = XCBuildConfiguration;
			buildSettings = {
				ALWAYS_SEARCH_USER_PATHS = NO;
				CLANG_ANALYZER_NONNULL = YES;
				CLANG_ANALYZER_NUMBER_OBJECT_CONVERSION = YES_AGGRESSIVE;
				CLANG_CXX_LANGUAGE_STANDARD = "gnu++14";
				CLANG_CXX_LIBRARY = "libc++";
				CLANG_ENABLE_MODULES = YES;
				CLANG_ENABLE_OBJC_ARC = YES;
				CLANG_WARN_BLOCK_CAPTURE_AUTORELEASING = YES;
				CLANG_WARN_BOOL_CONVERSION = YES;
				CLANG_WARN_COMMA = YES;
				CLANG_WARN_CONSTANT_CONVERSION = YES;
				CLANG_WARN_DIRECT_OBJC_ISA_USAGE = YES_ERROR;
				CLANG_WARN_DOCUMENTATION_COMMENTS = YES;
				CLANG_WARN_EMPTY_BODY = YES;
				CLANG_WARN_ENUM_CONVERSION = YES;
				CLANG_WARN_INFINITE_RECURSION = YES;
				CLANG_WARN_INT_CONVERSION = YES;
				CLANG_WARN_NON_LITERAL_NULL_CONVERSION = YES;
				CLANG_WARN_OBJC_LITERAL_CONVERSION = YES;
				CLANG_WARN_OBJC_ROOT_CLASS = YES_ERROR;
				CLANG_WARN_RANGE_LOOP_ANALYSIS = YES;
				CLANG_WARN_STRICT_PROTOTYPES = YES;
				CLANG_WARN_SUSPICIOUS_MOVE = YES;
				CLANG_WARN_UNGUARDED_AVAILABILITY = YES_AGGRESSIVE;
				CLANG_WARN_UNREACHABLE_CODE = YES;
				CLANG_WARN__DUPLICATE_METHOD_MATCH = YES;
				CODE_SIGN_IDENTITY = "iPhone Developer";
				COPY_PHASE_STRIP = NO;
				DEBUG_INFORMATION_FORMAT = "dwarf-with-dsym";
				ENABLE_NS_ASSERTIONS = NO;
				ENABLE_STRICT_OBJC_MSGSEND = YES;
				GCC_C_LANGUAGE_STANDARD = gnu11;
				GCC_NO_COMMON_BLOCKS = YES;
				GCC_WARN_64_TO_32_BIT_CONVERSION = YES;
				GCC_WARN_ABOUT_RETURN_TYPE = YES_ERROR;
				GCC_WARN_UNDECLARED_SELECTOR = YES;
				GCC_WARN_UNINITIALIZED_AUTOS = YES_AGGRESSIVE;
				GCC_WARN_UNUSED_FUNCTION = YES;
				GCC_WARN_UNUSED_VARIABLE = YES;
				IPHONEOS_DEPLOYMENT_TARGET = 11.2;
				MTL_ENABLE_DEBUG_INFO = NO;
				SDKROOT = iphoneos;
				SWIFT_OPTIMIZATION_LEVEL = "-Owholemodule";
				VALIDATE_PRODUCT = YES;
			};
			name = Release;
		};
		034FC1DA2045E73E00B7349C /* Debug */ = {
			isa = XCBuildConfiguration;
			baseConfigurationReference = 3A37245535371284386A0850 /* Pods-Panorama.debug.xcconfig */;
			buildSettings = {
				ASSETCATALOG_COMPILER_APPICON_NAME = AppIcon;
				CODE_SIGN_STYLE = Automatic;
				DEVELOPMENT_TEAM = 7BW8EE9F8A;
				INFOPLIST_FILE = Panorama/Info.plist;
				LD_RUNPATH_SEARCH_PATHS = "$(inherited) @executable_path/Frameworks";
				PRODUCT_BUNDLE_IDENTIFIER = com.adidas.samples.Panorama;
				PRODUCT_NAME = "$(TARGET_NAME)";
				SWIFT_OBJC_BRIDGING_HEADER = "Panorama/Panorama-Bridging-Header.h";
				SWIFT_VERSION = 4.0;
				TARGETED_DEVICE_FAMILY = "1,2";
			};
			name = Debug;
		};
		034FC1DB2045E73E00B7349C /* Release */ = {
			isa = XCBuildConfiguration;
			baseConfigurationReference = 2F2168C6D88D2066DB3579F1 /* Pods-Panorama.release.xcconfig */;
			buildSettings = {
				ASSETCATALOG_COMPILER_APPICON_NAME = AppIcon;
				CODE_SIGN_STYLE = Automatic;
				DEVELOPMENT_TEAM = 7BW8EE9F8A;
				INFOPLIST_FILE = Panorama/Info.plist;
				LD_RUNPATH_SEARCH_PATHS = "$(inherited) @executable_path/Frameworks";
				PRODUCT_BUNDLE_IDENTIFIER = com.adidas.samples.Panorama;
				PRODUCT_NAME = "$(TARGET_NAME)";
				SWIFT_OBJC_BRIDGING_HEADER = "Panorama/Panorama-Bridging-Header.h";
				SWIFT_VERSION = 4.0;
				TARGETED_DEVICE_FAMILY = "1,2";
			};
			name = Release;
		};
/* End XCBuildConfiguration section */

/* Begin XCConfigurationList section */
		034FC1C22045E73E00B7349C /* Build configuration list for PBXProject "Panorama" */ = {
			isa = XCConfigurationList;
			buildConfigurations = (
				034FC1D72045E73E00B7349C /* Debug */,
				034FC1D82045E73E00B7349C /* Release */,
			);
			defaultConfigurationIsVisible = 0;
			defaultConfigurationName = Release;
		};
		034FC1D92045E73E00B7349C /* Build configuration list for PBXNativeTarget "Panorama" */ = {
			isa = XCConfigurationList;
			buildConfigurations = (
				034FC1DA2045E73E00B7349C /* Debug */,
				034FC1DB2045E73E00B7349C /* Release */,
			);
			defaultConfigurationIsVisible = 0;
			defaultConfigurationName = Release;
		};
/* End XCConfigurationList section */
	};
	rootObject = 034FC1BF2045E73E00B7349C /* Project object */;
}
